
Microsoft Visual Studio Solution File, Format Version 12.00
# Visual Studio Version 17
VisualStudioVersion = 17.4.33205.214
MinimumVisualStudioVersion = 10.0.40219.1
Project("{FAE04EC0-301F-11D3-BF4B-00C04F79EFBC}") = "Entities", "Entities\Entities.csproj", "{2FA33B17-6AB4-446B-A259-B80AEE15A28E}"
EndProject
Project("{2150E333-8FDC-42A3-9474-1A3956D46DE8}") = "1 - Presentation", "1 - Presentation", "{0EE146B5-E449-4423-AEB0-79785C49A746}"
EndProject
Project("{2150E333-8FDC-42A3-9474-1A3956D46DE8}") = "2 - Domain", "2 - Domain", "{BFFDFD81-A22D-4B29-B1BE-A542726A3E78}"
EndProject
Project("{2150E333-8FDC-42A3-9474-1A3956D46DE8}") = "3 - Infraestruture", "3 - Infraestruture", "{37FDA772-6DF5-4145-B896-A0D815E70C2A}"
EndProject
Project("{2150E333-8FDC-42A3-9474-1A3956D46DE8}") = "4 - Entitie", "4 - Entitie", "{99ECC7E1-8B24-429C-8D2A-75424D919BEC}"
EndProject
Project("{2150E333-8FDC-42A3-9474-1A3956D46DE8}") = "5 - Helpers", "5 - Helpers", "{C244A60A-95D9-4CD5-9023-6869B3BD8FB6}"
EndProject
Project("{FAE04EC0-301F-11D3-BF4B-00C04F79EFBC}") = "Helpers", "Helpers\Helpers.csproj", "{F6A41B43-DD07-4BC3-A0E5-5D85F0EE3920}"
EndProject
Project("{FAE04EC0-301F-11D3-BF4B-00C04F79EFBC}") = "Infra", "Infra\Infra.csproj", "{E41DAB22-7D03-44F8-BB73-E99F8DE5E757}"
EndProject
Project("{FAE04EC0-301F-11D3-BF4B-00C04F79EFBC}") = "Domain", "Domain\Domain.csproj", "{4F8F5C15-6177-4A98-8DB0-219A304AB5B6}"
EndProject
Project("{FAE04EC0-301F-11D3-BF4B-00C04F79EFBC}") = "WebApi", "WebApi\WebApi.csproj", "{01952AC9-4A42-4550-B7F5-7D5A8303DA22}"
EndProject
Global
	GlobalSection(SolutionConfigurationPlatforms) = preSolution
		Debug|Any CPU = Debug|Any CPU
		Release|Any CPU = Release|Any CPU
	EndGlobalSection
	GlobalSection(ProjectConfigurationPlatforms) = postSolution
		{2FA33B17-6AB4-446B-A259-B80AEE15A28E}.Debug|Any CPU.ActiveCfg = Debug|Any CPU
		{2FA33B17-6AB4-446B-A259-B80AEE15A28E}.Debug|Any CPU.Build.0 = Debug|Any CPU
		{2FA33B17-6AB4-446B-A259-B80AEE15A28E}.Release|Any CPU.ActiveCfg = Release|Any CPU
		{2FA33B17-6AB4-446B-A259-B80AEE15A28E}.Release|Any CPU.Build.0 = Release|Any CPU
		{F6A41B43-DD07-4BC3-A0E5-5D85F0EE3920}.Debug|Any CPU.ActiveCfg = Debug|Any CPU
		{F6A41B43-DD07-4BC3-A0E5-5D85F0EE3920}.Debug|Any CPU.Build.0 = Debug|Any CPU
		{F6A41B43-DD07-4BC3-A0E5-5D85F0EE3920}.Release|Any CPU.ActiveCfg = Release|Any CPU
		{F6A41B43-DD07-4BC3-A0E5-5D85F0EE3920}.Release|Any CPU.Build.0 = Release|Any CPU
		{E41DAB22-7D03-44F8-BB73-E99F8DE5E757}.Debug|Any CPU.ActiveCfg = Debug|Any CPU
		{E41DAB22-7D03-44F8-BB73-E99F8DE5E757}.Debug|Any CPU.Build.0 = Debug|Any CPU
		{E41DAB22-7D03-44F8-BB73-E99F8DE5E757}.Release|Any CPU.ActiveCfg = Release|Any CPU
		{E41DAB22-7D03-44F8-BB73-E99F8DE5E757}.Release|Any CPU.Build.0 = Release|Any CPU
		{4F8F5C15-6177-4A98-8DB0-219A304AB5B6}.Debug|Any CPU.ActiveCfg = Debug|Any CPU
		{4F8F5C15-6177-4A98-8DB0-219A304AB5B6}.Debug|Any CPU.Build.0 = Debug|Any CPU
		{4F8F5C15-6177-4A98-8DB0-219A304AB5B6}.Release|Any CPU.ActiveCfg = Release|Any CPU
		{4F8F5C15-6177-4A98-8DB0-219A304AB5B6}.Release|Any CPU.Build.0 = Release|Any CPU
		{01952AC9-4A42-4550-B7F5-7D5A8303DA22}.Debug|Any CPU.ActiveCfg = Debug|Any CPU
		{01952AC9-4A42-4550-B7F5-7D5A8303DA22}.Debug|Any CPU.Build.0 = Debug|Any CPU
		{01952AC9-4A42-4550-B7F5-7D5A8303DA22}.Release|Any CPU.ActiveCfg = Release|Any CPU
		{01952AC9-4A42-4550-B7F5-7D5A8303DA22}.Release|Any CPU.Build.0 = Release|Any CPU
	EndGlobalSection
	GlobalSection(SolutionProperties) = preSolution
		HideSolutionNode = FALSE
	EndGlobalSection
	GlobalSection(NestedProjects) = preSolution
		{2FA33B17-6AB4-446B-A259-B80AEE15A28E} = {99ECC7E1-8B24-429C-8D2A-75424D919BEC}
		{F6A41B43-DD07-4BC3-A0E5-5D85F0EE3920} = {C244A60A-95D9-4CD5-9023-6869B3BD8FB6}
		{E41DAB22-7D03-44F8-BB73-E99F8DE5E757} = {37FDA772-6DF5-4145-B896-A0D815E70C2A}
		{4F8F5C15-6177-4A98-8DB0-219A304AB5B6} = {BFFDFD81-A22D-4B29-B1BE-A542726A3E78}
		{01952AC9-4A42-4550-B7F5-7D5A8303DA22} = {0EE146B5-E449-4423-AEB0-79785C49A746}
	EndGlobalSection
	GlobalSection(ExtensibilityGlobals) = postSolution
		SolutionGuid = {9C890997-F737-4EB1-8EA4-9C9A383F7BD5}
	EndGlobalSection
EndGlobal
